github.com/luskaner/ageLANServer/battle-server-broadcast v1.3.0 h1:EB9EKyv7koSQSIR3+DvnwOjpGzCUD2HjtqPuFOFOj/k=
github.com/luskaner/ageLANServer/battle-server-broadcast v1.3.0/go.mod h1:USeNRD3Mdc+K6EMtZaexx+ngXZz7kTCCMbuz8dt/vDo=
golang.org/x/sys v0.36.0 h1:KVRy2GtZBrk1cBYA7MKu5bEZFxQk4NIDV6RLVcC8o0k=
