github.com/davecgh/go-spew v1.1.1 h1:vj9j/u1bqnvCEfJOwUhtlOARqs3+rkHYY13jYWTU97c=
github.com/davecgh/go-spew v1.1.1/go.mod h1:J7Y8YcW2NihsgmVo/mv3lAwl/skON4iLHjSsI+c5H38=
github.com/deckarep/golang-set/v2 v2.8.0 h1:swm0rlPCmdWn9mESxKOjWk8hXSqoxOp+ZlfuyaAdFlQ=
github.com/deckarep/golang-set/v2 v2.8.0/go.mod h1:VAky9rY/yGXJOLEDv3OMci+7wtDpOF4IN+y82NBOac4=
github.com/go-quicktest/qt v1.101.0 h1:O1K29Txy5P2OK0dGo59b7b0LR6wKfIhttaAhHUyn7eI=
github.com/go-quicktest/qt v1.101.0/go.mod h1:14Bz/f7NwaXPtdYEgzsx46kqSxVwTbzVZsDC26tQJow=
github.com/google/go-cmp v0.7.0 h1:wk8382ETsv4JYUZwIsn6YpYiWiBsYLSJiTsyBybVuN8=
github.com/google/go-cmp v0.7.0/go.mod h1:pXiqmnSA92OHEEa9HXL2W4E7lf9JzCmGVUdgjX3N/iU=
github.com/hairyhenderson/go-which v0.2.2 h1:yMyAHo4InxHiTAboIeOji8nZ5EXwIp116a2uo/MFkFI=
github.com/hairyhenderson/go-which v0.2.2/go.mod h1:vBfncX6hXWQhY1Qte8qQNWuJNnsGPqFLjgmwEETyOAo=
github.com/kr/pretty v0.3.1 h1:flRD4NNwYAUpkphVc1HcthR4KEIFJ65n8Mw5qdRn3LE=
github.com/kr/pretty v0.3.1/go.mod h1:hoEshYVHaxMs3cyo3Yncou5ZscifuDolrwPKZanG3xk=
github.com/kr/text v0.2.0 h1:5Nx0Ya0ZqY2ygV366QzturHI13Jq95ApcVaJBhpS+AY=
github.com/kr/text v0.2.0/go.mod h1:eLer722TekiGuMkidMxC/pM04lWEeraHUUmBw8l2grE=
github.com/luskaner/ageLANServer/battle-server-broadcast v1.3.0 h1:EB9EKyv7koSQSIR3+DvnwOjpGzCUD2HjtqPuFOFOj/k=
github.com/luskaner/ageLANServer/battle-server-broadcast v1.3.0/go.mod h1:USeNRD3Mdc+K6EMtZaexx+ngXZz7kTCCMbuz8dt/vDo=
github.com/luskaner/ageLANServer/common v0.0.0-20250517021020-c4ce88f802fb h1:SnEyhpd3DfnZkk9VaFdj6lc97X3qOyue3dtJns4EYXI=
github.com/luskaner/ageLANServer/common v0.0.0-20250517021020-c4ce88f802fb/go.mod h1:xf4zFb3YeeMW7D2zGLEAsXSIZiwu4qVsXHC0ed/AwH4=
github.com/luskaner/ageLANServer/common v0.0.0-20250713220403-d0399bd566eb h1:OzzH3mnJHcRdHmsBQjH/N93zcUe551FOOB7OSJtEAjs=
github.com/luskaner/ageLANServer/common v0.0.0-20250713220403-d0399bd566eb/go.mod h1:BMcN2j24p6uYkHvS37qhFxfZCj3r5C7ZA9XSfMzD4/4=
github.com/luskaner/ageLANServer/launcher-common v0.0.0-20250517201605-76715e6a0d9c h1:y/ipGZ4AUbe5aPUuonT0WoSNLnsmGQrOzEYOasjKL1E=
github.com/luskaner/ageLANServer/launcher-common v0.0.0-20250517201605-76715e6a0d9c/go.mod h1:SIKNrk1Zo+fR5tVy7EqJCGSOcNsp3n6MM5fRWhwzhVQ=
github.com/luskaner/ageLANServer/launcher-common v0.0.0-20250713220403-d0399bd566eb h1:MDBPq8EjXnY6FHd5Cd3E/fIbptSJDFnUpu54svf8LLI=
github.com/luskaner/ageLANServer/launcher-common v0.0.0-20250713220403-d0399bd566eb/go.mod h1:YeC2p6hEAkSYFIsm3Cbvr+viDHs6ZY5Mx6qvcnu8EBY=
github.com/pmezard/go-difflib v1.0.0 h1:4DBwDE0NGyQoBHbLQYPwSUPoCMWR5BEzIk/f1lZbAQM=
github.com/pmezard/go-difflib v1.0.0/go.mod h1:iKH77koFhYxTK1pcRnkKkqfTogsbg7gZNVY4sRDYZ/4=
github.com/rogpeppe/go-internal v1.14.1 h1:UQB4HGPB6osV0SQTLymcB4TgvyWu6ZyliaW0tI/otEQ=
github.com/rogpeppe/go-internal v1.14.1/go.mod h1:MaRKkUm5W0goXpeCfT7UZI6fk/L7L7so1lCWt35ZSgc=
github.com/stretchr/testify v1.10.0 h1:Xv5erBjTwe/5IxqUQTdXv5kgmIvbHo3QQyRwhJsOfJA=
github.com/stretchr/testify v1.10.0/go.mod h1:r2ic/lqez/lEtzL7wO/rwa5dbSLXVDPFyf8C91i36aY=
golang.org/x/sys v0.33.0 h1:q3i8TbbEz+JRD9ywIRlyRAQbM0qF7hu24q3teo2hbuw=
golang.org/x/sys v0.33.0/go.mod h1:BJP2sWEmIv4KK5OTEluFJCKSidICx8ciO85XgH3Ak8k=
golang.org/x/sys v0.34.0 h1:H5Y5sJ2L2JRdyv7ROF1he/lPdvFsd0mJHFw2ThKHxLA=
golang.org/x/sys v0.34.0/go.mod h1:BJP2sWEmIv4KK5OTEluFJCKSidICx8ciO85XgH3Ak8k=
golang.org/x/term v0.32.0 h1:DR4lr0TjUs3epypdhTOkMmuF5CDFJ/8pOnbzMZPQ7bg=
golang.org/x/term v0.32.0/go.mod h1:uZG1FhGx848Sqfsq4/DlJr3xGGsYMu/L5GW4abiaEPQ=
golang.org/x/term v0.33.0 h1:NuFncQrRcaRvVmgRkvM3j/F00gWIAlcmlB8ACEKmGIg=
golang.org/x/term v0.33.0/go.mod h1:s18+ql9tYWp1IfpV9DmCtQDDSRBUjKaw9M1eAv5UeF0=
gopkg.in/yaml.v3 v3.0.1 h1:fxVm/GzAzEWqLHuvctI91KS9hhNmmWOoWu0XTYJS7CA=
gopkg.in/yaml.v3 v3.0.1/go.mod h1:K4uyk7z7BCEPqu6E+C64Yfv1cQ7kz7rIZviUmN+EgEM=
mvdan.cc/sh/v3 v3.11.0 h1:q5h+XMDRfUGUedCqFFsjoFjrhwf2Mvtt1rkMvVz0blw=
mvdan.cc/sh/v3 v3.11.0/go.mod h1:LRM+1NjoYCzuq/WZ6y44x14YNAI0NK7FLPeQSaFagGg=
mvdan.cc/sh/v3 v3.12.0 h1:ejKUR7ONP5bb+UGHGEG/k9V5+pRVIyD+LsZz7o8KHrI=
mvdan.cc/sh/v3 v3.12.0/go.mod h1:Se6Cj17eYSn+sNooLZiEUnNNmNxg0imoYlTu4CyaGyg=
