github.com/luskaner/ageLANServer/battle-server-broadcast v1.3.0 h1:EB9EKyv7koSQSIR3+DvnwOjpGzCUD2HjtqPuFOFOj/k=
github.com/luskaner/ageLANServer/battle-server-broadcast v1.3.0/go.mod h1:USeNRD3Mdc+K6EMtZaexx+ngXZz7kTCCMbuz8dt/vDo=
golang.org/x/sys v0.35.0 h1:vz1N37gP5bs89s7He8XuIYXpyY0+QlsKmzipCbUtyxI=
golang.org/x/sys v0.35.0/go.mod h1:BJP2sWEmIv4KK5OTEluFJCKSidICx8ciO85XgH3Ak8k=
